
Microsoft Visual Studio Solution File, Format Version 12.00
# Visual Studio Version 17
VisualStudioVersion = 17.3.32929.385
MinimumVisualStudioVersion = 10.0.40219.1
Project("{FAE04EC0-301F-11D3-BF4B-00C04F79EFBC}") = "FichasPilates", "FichasPilates\FichasPilates.csproj", "{C4EEF376-B968-4210-B4F4-0AC50B8E5F0A}"
EndProject
Global
	GlobalSection(SolutionConfigurationPlatforms) = preSolution
		Debug|Any CPU = Debug|Any CPU
		Release|Any CPU = Release|Any CPU
	EndGlobalSection
	GlobalSection(ProjectConfigurationPlatforms) = postSolution
		{C4EEF376-B968-4210-B4F4-0AC50B8E5F0A}.Debug|Any CPU.ActiveCfg = Debug|Any CPU
		{C4EEF376-B968-4210-B4F4-0AC50B8E5F0A}.Debug|Any CPU.Build.0 = Debug|Any CPU
		{C4EEF376-B968-4210-B4F4-0AC50B8E5F0A}.Release|Any CPU.ActiveCfg = Release|Any CPU
		{C4EEF376-B968-4210-B4F4-0AC50B8E5F0A}.Release|Any CPU.Build.0 = Release|Any CPU
	EndGlobalSection
	GlobalSection(SolutionProperties) = preSolution
		HideSolutionNode = FALSE
	EndGlobalSection
	GlobalSection(ExtensibilityGlobals) = postSolution
		SolutionGuid = {747CA791-5BBE-4EF3-8E88-DC4F95D38E58}
	EndGlobalSection
EndGlobal
